
Microsoft Visual Studio Solution File, Format Version 12.00
# Visual Studio Version 16
VisualStudioVersion = 16.0.31613.86
MinimumVisualStudioVersion = 10.0.40219.1
Project("{FAE04EC0-301F-11D3-BF4B-00C04F79EFBC}") = "LoggingProvider", "LoggingProvider\LoggingProvider.csproj", "{2B58A6B9-E4BF-46DF-89A6-4872445BFCE7}"
EndProject
Project("{FAE04EC0-301F-11D3-BF4B-00C04F79EFBC}") = "LoggingProviderLibrary", "LoggingProviderLibrary\LoggingProviderLibrary.csproj", "{ADB6A474-0623-4BE2-87D0-09EF3A4EEEAF}"
EndProject
Global
	GlobalSection(SolutionConfigurationPlatforms) = preSolution
		Debug|Any CPU = Debug|Any CPU
		Release|Any CPU = Release|Any CPU
	EndGlobalSection
	GlobalSection(ProjectConfigurationPlatforms) = postSolution
		{2B58A6B9-E4BF-46DF-89A6-4872445BFCE7}.Debug|Any CPU.ActiveCfg = Debug|Any CPU
		{2B58A6B9-E4BF-46DF-89A6-4872445BFCE7}.Debug|Any CPU.Build.0 = Debug|Any CPU
		{2B58A6B9-E4BF-46DF-89A6-4872445BFCE7}.Release|Any CPU.ActiveCfg = Release|Any CPU
		{2B58A6B9-E4BF-46DF-89A6-4872445BFCE7}.Release|Any CPU.Build.0 = Release|Any CPU
		{ADB6A474-0623-4BE2-87D0-09EF3A4EEEAF}.Debug|Any CPU.ActiveCfg = Debug|Any CPU
		{ADB6A474-0623-4BE2-87D0-09EF3A4EEEAF}.Debug|Any CPU.Build.0 = Debug|Any CPU
		{ADB6A474-0623-4BE2-87D0-09EF3A4EEEAF}.Release|Any CPU.ActiveCfg = Release|Any CPU
		{ADB6A474-0623-4BE2-87D0-09EF3A4EEEAF}.Release|Any CPU.Build.0 = Release|Any CPU
	EndGlobalSection
	GlobalSection(SolutionProperties) = preSolution
		HideSolutionNode = FALSE
	EndGlobalSection
	GlobalSection(ExtensibilityGlobals) = postSolution
		SolutionGuid = {3ACBC004-F62E-46B2-9D2E-A64C0AB323CD}
	EndGlobalSection
EndGlobal
